
Microsoft Visual Studio Solution File, Format Version 10.00
# Visual C# Express 2008
Project("{FAE04EC0-301F-11D3-BF4B-00C04F79EFBC}") = "Clt - Trnsprt Security with Basic Authntctn", "Clt - Trnsprt Security with Basic Authntctn\Clt - Trnsprt Security with Basic Authntctn.csproj", "{63E95290-A86C-42B1-8793-B73C7A79E77B}"
EndProject
Global
	GlobalSection(SolutionConfigurationPlatforms) = preSolution
		Debug|Any CPU = Debug|Any CPU
		Release|Any CPU = Release|Any CPU
	EndGlobalSection
	GlobalSection(ProjectConfigurationPlatforms) = postSolution
		{63E95290-A86C-42B1-8793-B73C7A79E77B}.Debug|Any CPU.ActiveCfg = Debug|Any CPU
		{63E95290-A86C-42B1-8793-B73C7A79E77B}.Debug|Any CPU.Build.0 = Debug|Any CPU
		{63E95290-A86C-42B1-8793-B73C7A79E77B}.Release|Any CPU.ActiveCfg = Release|Any CPU
		{63E95290-A86C-42B1-8793-B73C7A79E77B}.Release|Any CPU.Build.0 = Release|Any CPU
	EndGlobalSection
	GlobalSection(SolutionProperties) = preSolution
		HideSolutionNode = FALSE
	EndGlobalSection
EndGlobal
